
Microsoft Visual Studio Solution File, Format Version 12.00
# Visual Studio Version 16
VisualStudioVersion = 16.0.31205.134
MinimumVisualStudioVersion = 10.0.40219.1
Project("{FAE04EC0-301F-11D3-BF4B-00C04F79EFBC}") = "FinalApp", "FinalApp\FinalApp.csproj", "{73396F3A-1210-4A78-9F8A-7C181A339442}"
EndProject
Global
	GlobalSection(SolutionConfigurationPlatforms) = preSolution
		Debug|Any CPU = Debug|Any CPU
		Release|Any CPU = Release|Any CPU
	EndGlobalSection
	GlobalSection(ProjectConfigurationPlatforms) = postSolution
		{73396F3A-1210-4A78-9F8A-7C181A339442}.Debug|Any CPU.ActiveCfg = Debug|Any CPU
		{73396F3A-1210-4A78-9F8A-7C181A339442}.Debug|Any CPU.Build.0 = Debug|Any CPU
		{73396F3A-1210-4A78-9F8A-7C181A339442}.Release|Any CPU.ActiveCfg = Release|Any CPU
		{73396F3A-1210-4A78-9F8A-7C181A339442}.Release|Any CPU.Build.0 = Release|Any CPU
	EndGlobalSection
	GlobalSection(SolutionProperties) = preSolution
		HideSolutionNode = FALSE
	EndGlobalSection
	GlobalSection(ExtensibilityGlobals) = postSolution
		SolutionGuid = {BD58027F-B5E9-4808-AE3F-BA4BC1827B8B}
	EndGlobalSection
EndGlobal
